
Microsoft Visual Studio Solution File, Format Version 12.00
# Visual Studio Version 17
VisualStudioVersion = 17.10.34707.107
MinimumVisualStudioVersion = 10.0.40219.1
Project("{FAE04EC0-301F-11D3-BF4B-00C04F79EFBC}") = "idenityscafoldingtemplate", "idenityscafoldingtemplate\idenityscafoldingtemplate.csproj", "{3E7566A7-8331-4F1C-A97C-654E43AE647E}"
EndProject
Global
	GlobalSection(SolutionConfigurationPlatforms) = preSolution
		Debug|Any CPU = Debug|Any CPU
		Release|Any CPU = Release|Any CPU
	EndGlobalSection
	GlobalSection(ProjectConfigurationPlatforms) = postSolution
		{3E7566A7-8331-4F1C-A97C-654E43AE647E}.Debug|Any CPU.ActiveCfg = Debug|Any CPU
		{3E7566A7-8331-4F1C-A97C-654E43AE647E}.Debug|Any CPU.Build.0 = Debug|Any CPU
		{3E7566A7-8331-4F1C-A97C-654E43AE647E}.Release|Any CPU.ActiveCfg = Release|Any CPU
		{3E7566A7-8331-4F1C-A97C-654E43AE647E}.Release|Any CPU.Build.0 = Release|Any CPU
	EndGlobalSection
	GlobalSection(SolutionProperties) = preSolution
		HideSolutionNode = FALSE
	EndGlobalSection
	GlobalSection(ExtensibilityGlobals) = postSolution
		SolutionGuid = {83A9C47E-6168-4709-B97B-6DD30C4E027B}
	EndGlobalSection
EndGlobal
